PODS:
  - SwiftGen (6.5.1)
  - Swinject (2.8.1)

DEPENDENCIES:
  - SwiftGen (~> 6.0)
  - Swinject

SPEC REPOS:
  trunk:
    - SwiftGen
    - Swinject

SPEC CHECKSUMS:
  SwiftGen: a6d22010845f08fe18fbdf3a07a8e380fd22e0ea
  Swinject: 97112918bd7e0785dc2df7036213f3c8cbba6586

PODFILE CHECKSUM: 231a6a703355d5d0ebab65fc274502f683ec2071

COCOAPODS: 1.10.1
