// !$*UTF8*$!
{
	archiveVersion = 1;
	classes = {
	};
	objectVersion = 55;
	objects = {

/* Begin PBXBuildFile section */
		7DF7DEA959F19B4E26F77351 /* Pods_TodoList_Storage.framework in Frameworks */ = {isa = PBXBuildFile; fileRef = C807CFE7F58E7CECDA05666B /* Pods_TodoList_Storage.framework */; };
		D9540A5C29FAB789001403D7 /* Storage.docc in Sources */ = {isa = PBXBuildFile; fileRef = D9540A5B29FAB789001403D7 /* Storage.docc */; };
		D9540A6229FAB789001403D7 /* Storage.framework in Frameworks */ = {isa = PBXBuildFile; fileRef = D9540A5729FAB789001403D7 /* Storage.framework */; };
		D9540A6729FAB789001403D7 /* StorageTests.swift in Sources */ = {isa = PBXBuildFile; fileRef = D9540A6629FAB789001403D7 /* StorageTests.swift */; };
		D9540A6829FAB789001403D7 /* Storage.h in Headers */ = {isa = PBXBuildFile; fileRef = D9540A5A29FAB789001403D7 /* Storage.h */; settings = {ATTRIBUTES = (Public, ); }; };
		D9540AE329FAC742001403D7 /* ContextProvider.swift in Sources */ = {isa = PBXBuildFile; fileRef = D9540AE229FAC742001403D7 /* ContextProvider.swift */; };
		D9540AE529FAC759001403D7 /* IContextProvider.swift in Sources */ = {isa = PBXBuildFile; fileRef = D9540AE429FAC759001403D7 /* IContextProvider.swift */; };
		D9540AE729FAC83B001403D7 /* StorageCore.swift in Sources */ = {isa = PBXBuildFile; fileRef = D9540AE629FAC83B001403D7 /* StorageCore.swift */; };
		D9540AE929FAC844001403D7 /* IStorageCore.swift in Sources */ = {isa = PBXBuildFile; fileRef = D9540AE829FAC844001403D7 /* IStorageCore.swift */; };
		D9540AEB29FACBB2001403D7 /* CoreData+saveContext.swift in Sources */ = {isa = PBXBuildFile; fileRef = D9540AEA29FACBB1001403D7 /* CoreData+saveContext.swift */; };
		D9540AEF29FB00B4001403D7 /* EntityMapper.swift in Sources */ = {isa = PBXBuildFile; fileRef = D9540AEE29FB00B4001403D7 /* EntityMapper.swift */; };
		D9540AF129FB059A001403D7 /* IStorageSearchRequest.swift in Sources */ = {isa = PBXBuildFile; fileRef = D9540AF029FB059A001403D7 /* IStorageSearchRequest.swift */; };
		D9540AF329FB0637001403D7 /* DBError.swift in Sources */ = {isa = PBXBuildFile; fileRef = D9540AF229FB0637001403D7 /* DBError.swift */; };
		D9540AF629FB1866001403D7 /* IContextProviderAssembly.swift in Sources */ = {isa = PBXBuildFile; fileRef = D9540AF429FB0958001403D7 /* IContextProviderAssembly.swift */; };
		D9540B0A29FBD9DE001403D7 /* DBRepositoryBuilder.swift in Sources */ = {isa = PBXBuildFile; fileRef = D9540B0729FBD9DE001403D7 /* DBRepositoryBuilder.swift */; };
/* End PBXBuildFile section */

/* Begin PBXContainerItemProxy section */
		D9540A6329FAB789001403D7 /* PBXContainerItemProxy */ = {
			isa = PBXContainerItemProxy;
			containerPortal = D9540A4E29FAB789001403D7 /* Project object */;
			proxyType = 1;
			remoteGlobalIDString = D9540A5629FAB789001403D7;
			remoteInfo = Storage;
		};
/* End PBXContainerItemProxy section */

/* Begin PBXFileReference section */
		C807CFE7F58E7CECDA05666B /* Pods_TodoList_Storage.framework */ = {isa = PBXFileReference; explicitFileType = wrapper.framework; includeInIndex = 0; path = Pods_TodoList_Storage.framework; sourceTree = BUILT_PRODUCTS_DIR; };
		D9540A5729FAB789001403D7 /* Storage.framework */ = {isa = PBXFileReference; explicitFileType = wrapper.framework; includeInIndex = 0; path = Storage.framework; sourceTree = BUILT_PRODUCTS_DIR; };
		D9540A5A29FAB789001403D7 /* Storage.h */ = {isa = PBXFileReference; lastKnownFileType = sourcecode.c.h; path = Storage.h; sourceTree = "<group>"; };
		D9540A5B29FAB789001403D7 /* Storage.docc */ = {isa = PBXFileReference; lastKnownFileType = folder.documentationcatalog; path = Storage.docc; sourceTree = "<group>"; };
		D9540A6129FAB789001403D7 /* StorageTests.xctest */ = {isa = PBXFileReference; explicitFileType = wrapper.cfbundle; includeInIndex = 0; path = StorageTests.xctest; sourceTree = BUILT_PRODUCTS_DIR; };
		D9540A6629FAB789001403D7 /* StorageTests.swift */ = {isa = PBXFileReference; lastKnownFileType = sourcecode.swift; path = StorageTests.swift; sourceTree = "<group>"; };
		D9540AE229FAC742001403D7 /* ContextProvider.swift */ = {isa = PBXFileReference; lastKnownFileType = sourcecode.swift; path = ContextProvider.swift; sourceTree = "<group>"; };
		D9540AE429FAC759001403D7 /* IContextProvider.swift */ = {isa = PBXFileReference; lastKnownFileType = sourcecode.swift; path = IContextProvider.swift; sourceTree = "<group>"; };
		D9540AE629FAC83B001403D7 /* StorageCore.swift */ = {isa = PBXFileReference; lastKnownFileType = sourcecode.swift; path = StorageCore.swift; sourceTree = "<group>"; };
		D9540AE829FAC844001403D7 /* IStorageCore.swift */ = {isa = PBXFileReference; lastKnownFileType = sourcecode.swift; path = IStorageCore.swift; sourceTree = "<group>"; };
		D9540AEA29FACBB1001403D7 /* CoreData+saveContext.swift */ = {isa = PBXFileReference; lastKnownFileType = sourcecode.swift; path = "CoreData+saveContext.swift"; sourceTree = "<group>"; };
		D9540AEE29FB00B4001403D7 /* EntityMapper.swift */ = {isa = PBXFileReference; lastKnownFileType = sourcecode.swift; path = EntityMapper.swift; sourceTree = "<group>"; };
		D9540AF029FB059A001403D7 /* IStorageSearchRequest.swift */ = {isa = PBXFileReference; lastKnownFileType = sourcecode.swift; path = IStorageSearchRequest.swift; sourceTree = "<group>"; };
		D9540AF229FB0637001403D7 /* DBError.swift */ = {isa = PBXFileReference; lastKnownFileType = sourcecode.swift; path = DBError.swift; sourceTree = "<group>"; };
		D9540AF429FB0958001403D7 /* IContextProviderAssembly.swift */ = {isa = PBXFileReference; lastKnownFileType = sourcecode.swift; path = IContextProviderAssembly.swift; sourceTree = "<group>"; };
		D9540B0729FBD9DE001403D7 /* DBRepositoryBuilder.swift */ = {isa = PBXFileReference; lastKnownFileType = sourcecode.swift; path = DBRepositoryBuilder.swift; sourceTree = "<group>"; };
		E8ED8F0F978A452E46AA06C0 /* Pods-TodoList-Storage.release.xcconfig */ = {isa = PBXFileReference; includeInIndex = 1; lastKnownFileType = text.xcconfig; name = "Pods-TodoList-Storage.release.xcconfig"; path = "Target Support Files/Pods-TodoList-Storage/Pods-TodoList-Storage.release.xcconfig"; sourceTree = "<group>"; };
		F029B81BCD5BC4AB8EF4F113 /* Pods-TodoList-Storage.debug.xcconfig */ = {isa = PBXFileReference; includeInIndex = 1; lastKnownFileType = text.xcconfig; name = "Pods-TodoList-Storage.debug.xcconfig"; path = "Target Support Files/Pods-TodoList-Storage/Pods-TodoList-Storage.debug.xcconfig"; sourceTree = "<group>"; };
/* End PBXFileReference section */

/* Begin PBXFrameworksBuildPhase section */
		D9540A5429FAB789001403D7 /* Frameworks */ = {
			isa = PBXFrameworksBuildPhase;
			buildActionMask = 2147483647;
			files = (
				7DF7DEA959F19B4E26F77351 /* Pods_TodoList_Storage.framework in Frameworks */,
			);
			runOnlyForDeploymentPostprocessing = 0;
		};
		D9540A5E29FAB789001403D7 /* Frameworks */ = {
			isa = PBXFrameworksBuildPhase;
			buildActionMask = 2147483647;
			files = (
				D9540A6229FAB789001403D7 /* Storage.framework in Frameworks */,
			);
			runOnlyForDeploymentPostprocessing = 0;
		};
/* End PBXFrameworksBuildPhase section */

/* Begin PBXGroup section */
		8781C292B5F55ED4E235CBD2 /* Pods */ = {
			isa = PBXGroup;
			children = (
				F029B81BCD5BC4AB8EF4F113 /* Pods-TodoList-Storage.debug.xcconfig */,
				E8ED8F0F978A452E46AA06C0 /* Pods-TodoList-Storage.release.xcconfig */,
			);
			name = Pods;
			path = ../Pods;
			sourceTree = "<group>";
		};
		D9540A4D29FAB789001403D7 = {
			isa = PBXGroup;
			children = (
				D9540A5929FAB789001403D7 /* Storage */,
				D9540A6529FAB789001403D7 /* StorageTests */,
				D9540A5829FAB789001403D7 /* Products */,
				D9540AF729FB18BF001403D7 /* Frameworks */,
				8781C292B5F55ED4E235CBD2 /* Pods */,
			);
			sourceTree = "<group>";
		};
		D9540A5829FAB789001403D7 /* Products */ = {
			isa = PBXGroup;
			children = (
				D9540A5729FAB789001403D7 /* Storage.framework */,
				D9540A6129FAB789001403D7 /* StorageTests.xctest */,
			);
			name = Products;
			sourceTree = "<group>";
		};
		D9540A5929FAB789001403D7 /* Storage */ = {
			isa = PBXGroup;
			children = (
				D9540AF529FB0958001403D7 /* Assembly */,
				D9540A7329FAB7C0001403D7 /* Core */,
				D9540A5A29FAB789001403D7 /* Storage.h */,
				D9540A5B29FAB789001403D7 /* Storage.docc */,
			);
			path = Storage;
			sourceTree = "<group>";
		};
		D9540A6529FAB789001403D7 /* StorageTests */ = {
			isa = PBXGroup;
			children = (
				D9540A6629FAB789001403D7 /* StorageTests.swift */,
			);
			path = StorageTests;
			sourceTree = "<group>";
		};
		D9540A7329FAB7C0001403D7 /* Core */ = {
			isa = PBXGroup;
			children = (
				D9540AEA29FACBB1001403D7 /* CoreData+saveContext.swift */,
				D9540AE229FAC742001403D7 /* ContextProvider.swift */,
				D9540AE629FAC83B001403D7 /* StorageCore.swift */,
				D9540AEE29FB00B4001403D7 /* EntityMapper.swift */,
				D9540AF229FB0637001403D7 /* DBError.swift */,
				D9540B0729FBD9DE001403D7 /* DBRepositoryBuilder.swift */,
				D9540AD429FABDD8001403D7 /* Protocols */,
			);
			path = Core;
			sourceTree = "<group>";
		};
		D9540AD429FABDD8001403D7 /* Protocols */ = {
			isa = PBXGroup;
			children = (
				D9540AF029FB059A001403D7 /* IStorageSearchRequest.swift */,
				D9540AE829FAC844001403D7 /* IStorageCore.swift */,
				D9540AE429FAC759001403D7 /* IContextProvider.swift */,
			);
			path = Protocols;
			sourceTree = "<group>";
		};
		D9540AF529FB0958001403D7 /* Assembly */ = {
			isa = PBXGroup;
			children = (
				D9540AF429FB0958001403D7 /* IContextProviderAssembly.swift */,
			);
			path = Assembly;
			sourceTree = "<group>";
		};
		D9540AF729FB18BF001403D7 /* Frameworks */ = {
			isa = PBXGroup;
			children = (
				C807CFE7F58E7CECDA05666B /* Pods_TodoList_Storage.framework */,
			);
			name = Frameworks;
			sourceTree = "<group>";
		};
/* End PBXGroup section */

/* Begin PBXHeadersBuildPhase section */
		D9540A5229FAB789001403D7 /* Headers */ = {
			isa = PBXHeadersBuildPhase;
			buildActionMask = 2147483647;
			files = (
				D9540A6829FAB789001403D7 /* Storage.h in Headers */,
			);
			runOnlyForDeploymentPostprocessing = 0;
		};
/* End PBXHeadersBuildPhase section */

/* Begin PBXNativeTarget section */
		D9540A5629FAB789001403D7 /* Storage */ = {
			isa = PBXNativeTarget;
			buildConfigurationList = D9540A6B29FAB789001403D7 /* Build configuration list for PBXNativeTarget "Storage" */;
			buildPhases = (
				0FFFAB6652556C27B7BD08E3 /* [CP] Check Pods Manifest.lock */,
				D9540A5229FAB789001403D7 /* Headers */,
				D9540A5329FAB789001403D7 /* Sources */,
				D9540A5429FAB789001403D7 /* Frameworks */,
				D9540A5529FAB789001403D7 /* Resources */,
			);
			buildRules = (
			);
			dependencies = (
			);
			name = Storage;
			productName = Storage;
			productReference = D9540A5729FAB789001403D7 /* Storage.framework */;
			productType = "com.apple.product-type.framework";
		};
		D9540A6029FAB789001403D7 /* StorageTests */ = {
			isa = PBXNativeTarget;
			buildConfigurationList = D9540A6E29FAB789001403D7 /* Build configuration list for PBXNativeTarget "StorageTests" */;
			buildPhases = (
				D9540A5D29FAB789001403D7 /* Sources */,
				D9540A5E29FAB789001403D7 /* Frameworks */,
				D9540A5F29FAB789001403D7 /* Resources */,
			);
			buildRules = (
			);
			dependencies = (
				D9540A6429FAB789001403D7 /* PBXTargetDependency */,
			);
			name = StorageTests;
			productName = StorageTests;
			productReference = D9540A6129FAB789001403D7 /* StorageTests.xctest */;
			productType = "com.apple.product-type.bundle.unit-test";
		};
/* End PBXNativeTarget section */

/* Begin PBXProject section */
		D9540A4E29FAB789001403D7 /* Project object */ = {
			isa = PBXProject;
			attributes = {
				BuildIndependentTargetsInParallel = 1;
				LastSwiftUpdateCheck = 1330;
				LastUpgradeCheck = 1330;
				TargetAttributes = {
					D9540A5629FAB789001403D7 = {
						CreatedOnToolsVersion = 13.3;
					};
					D9540A6029FAB789001403D7 = {
						CreatedOnToolsVersion = 13.3;
					};
				};
			};
			buildConfigurationList = D9540A5129FAB789001403D7 /* Build configuration list for PBXProject "Storage" */;
			compatibilityVersion = "Xcode 13.0";
			developmentRegion = en;
			hasScannedForEncodings = 0;
			knownRegions = (
				en,
				Base,
			);
			mainGroup = D9540A4D29FAB789001403D7;
			productRefGroup = D9540A5829FAB789001403D7 /* Products */;
			projectDirPath = "";
			projectRoot = "";
			targets = (
				D9540A5629FAB789001403D7 /* Storage */,
				D9540A6029FAB789001403D7 /* StorageTests */,
			);
		};
/* End PBXProject section */

/* Begin PBXResourcesBuildPhase section */
		D9540A5529FAB789001403D7 /* Resources */ = {
			isa = PBXResourcesBuildPhase;
			buildActionMask = 2147483647;
			files = (
			);
			runOnlyForDeploymentPostprocessing = 0;
		};
		D9540A5F29FAB789001403D7 /* Resources */ = {
			isa = PBXResourcesBuildPhase;
			buildActionMask = 2147483647;
			files = (
			);
			runOnlyForDeploymentPostprocessing = 0;
		};
/* End PBXResourcesBuildPhase section */

/* Begin PBXShellScriptBuildPhase section */
		0FFFAB6652556C27B7BD08E3 /* [CP] Check Pods Manifest.lock */ = {
			isa = PBXShellScriptBuildPhase;
			buildActionMask = 2147483647;
			files = (
			);
			inputFileListPaths = (
			);
			inputPaths = (
				"${PODS_PODFILE_DIR_PATH}/Podfile.lock",
				"${PODS_ROOT}/Manifest.lock",
			);
			name = "[CP] Check Pods Manifest.lock";
			outputFileListPaths = (
			);
			outputPaths = (
				"$(DERIVED_FILE_DIR)/Pods-TodoList-Storage-checkManifestLockResult.txt",
			);
			runOnlyForDeploymentPostprocessing = 0;
			shellPath = /bin/sh;
			shellScript = "diff \"${PODS_PODFILE_DIR_PATH}/Podfile.lock\" \"${PODS_ROOT}/Manifest.lock\" > /dev/null\nif [ $? != 0 ] ; then\n    # print error to STDERR\n    echo \"error: The sandbox is not in sync with the Podfile.lock. Run 'pod install' or update your CocoaPods installation.\" >&2\n    exit 1\nfi\n# This output is used by Xcode 'outputs' to avoid re-running this script phase.\necho \"SUCCESS\" > \"${SCRIPT_OUTPUT_FILE_0}\"\n";
			showEnvVarsInLog = 0;
		};
/* End PBXShellScriptBuildPhase section */

/* Begin PBXSourcesBuildPhase section */
		D9540A5329FAB789001403D7 /* Sources */ = {
			isa = PBXSourcesBuildPhase;
			buildActionMask = 2147483647;
			files = (
				D9540B0A29FBD9DE001403D7 /* DBRepositoryBuilder.swift in Sources */,
				D9540AE729FAC83B001403D7 /* StorageCore.swift in Sources */,
				D9540AF129FB059A001403D7 /* IStorageSearchRequest.swift in Sources */,
				D9540AE329FAC742001403D7 /* ContextProvider.swift in Sources */,
				D9540AEB29FACBB2001403D7 /* CoreData+saveContext.swift in Sources */,
				D9540AE529FAC759001403D7 /* IContextProvider.swift in Sources */,
				D9540AF329FB0637001403D7 /* DBError.swift in Sources */,
				D9540AEF29FB00B4001403D7 /* EntityMapper.swift in Sources */,
				D9540AF629FB1866001403D7 /* IContextProviderAssembly.swift in Sources */,
				D9540A5C29FAB789001403D7 /* Storage.docc in Sources */,
				D9540AE929FAC844001403D7 /* IStorageCore.swift in Sources */,
			);
			runOnlyForDeploymentPostprocessing = 0;
		};
		D9540A5D29FAB789001403D7 /* Sources */ = {
			isa = PBXSourcesBuildPhase;
			buildActionMask = 2147483647;
			files = (
				D9540A6729FAB789001403D7 /* StorageTests.swift in Sources */,
			);
			runOnlyForDeploymentPostprocessing = 0;
		};
/* End PBXSourcesBuildPhase section */

/* Begin PBXTargetDependency section */
		D9540A6429FAB789001403D7 /* PBXTargetDependency */ = {
			isa = PBXTargetDependency;
			target = D9540A5629FAB789001403D7 /* Storage */;
			targetProxy = D9540A6329FAB789001403D7 /* PBXContainerItemProxy */;
		};
/* End PBXTargetDependency section */

/* Begin XCBuildConfiguration section */
		D9540A6929FAB789001403D7 /* Debug */ = {
			isa = XCBuildConfiguration;
			buildSettings = {
				ALWAYS_SEARCH_USER_PATHS = NO;
				CLANG_ANALYZER_NONNULL = YES;
				CLANG_ANALYZER_NUMBER_OBJECT_CONVERSION = YES_AGGRESSIVE;
				CLANG_CXX_LANGUAGE_STANDARD = "gnu++17";
				CLANG_ENABLE_MODULES = YES;
				CLANG_ENABLE_OBJC_ARC = YES;
				CLANG_ENABLE_OBJC_WEAK = YES;
				CLANG_WARN_BLOCK_CAPTURE_AUTORELEASING = YES;
				CLANG_WARN_BOOL_CONVERSION = YES;
				CLANG_WARN_COMMA = YES;
				CLANG_WARN_CONSTANT_CONVERSION = YES;
				CLANG_WARN_DEPRECATED_OBJC_IMPLEMENTATIONS = YES;
				CLANG_WARN_DIRECT_OBJC_ISA_USAGE = YES_ERROR;
				CLANG_WARN_DOCUMENTATION_COMMENTS = YES;
				CLANG_WARN_EMPTY_BODY = YES;
				CLANG_WARN_ENUM_CONVERSION = YES;
				CLANG_WARN_INFINITE_RECURSION = YES;
				CLANG_WARN_INT_CONVERSION = YES;
				CLANG_WARN_NON_LITERAL_NULL_CONVERSION = YES;
				CLANG_WARN_OBJC_IMPLICIT_RETAIN_SELF = YES;
				CLANG_WARN_OBJC_LITERAL_CONVERSION = YES;
				CLANG_WARN_OBJC_ROOT_CLASS = YES_ERROR;
				CLANG_WARN_QUOTED_INCLUDE_IN_FRAMEWORK_HEADER = YES;
				CLANG_WARN_RANGE_LOOP_ANALYSIS = YES;
				CLANG_WARN_STRICT_PROTOTYPES = YES;
				CLANG_WARN_SUSPICIOUS_MOVE = YES;
				CLANG_WARN_UNGUARDED_AVAILABILITY = YES_AGGRESSIVE;
				CLANG_WARN_UNREACHABLE_CODE = YES;
				CLANG_WARN__DUPLICATE_METHOD_MATCH = YES;
				COPY_PHASE_STRIP = NO;
				CURRENT_PROJECT_VERSION = 1;
				DEBUG_INFORMATION_FORMAT = dwarf;
				ENABLE_STRICT_OBJC_MSGSEND = YES;
				ENABLE_TESTABILITY = YES;
				GCC_C_LANGUAGE_STANDARD = gnu11;
				GCC_DYNAMIC_NO_PIC = NO;
				GCC_NO_COMMON_BLOCKS = YES;
				GCC_OPTIMIZATION_LEVEL = 0;
				GCC_PREPROCESSOR_DEFINITIONS = (
					"DEBUG=1",
					"$(inherited)",
				);
				GCC_WARN_64_TO_32_BIT_CONVERSION = YES;
				GCC_WARN_ABOUT_RETURN_TYPE = YES_ERROR;
				GCC_WARN_UNDECLARED_SELECTOR = YES;
				GCC_WARN_UNINITIALIZED_AUTOS = YES_AGGRESSIVE;
				GCC_WARN_UNUSED_FUNCTION = YES;
				GCC_WARN_UNUSED_VARIABLE = YES;
				IPHONEOS_DEPLOYMENT_TARGET = 14.0;
				MTL_ENABLE_DEBUG_INFO = INCLUDE_SOURCE;
				MTL_FAST_MATH = YES;
				ONLY_ACTIVE_ARCH = YES;
				SDKROOT = iphoneos;
				SWIFT_ACTIVE_COMPILATION_CONDITIONS = DEBUG;
				SWIFT_OPTIMIZATION_LEVEL = "-Onone";
				VERSIONING_SYSTEM = "apple-generic";
				VERSION_INFO_PREFIX = "";
			};
			name = Debug;
		};
		D9540A6A29FAB789001403D7 /* Release */ = {
			isa = XCBuildConfiguration;
			buildSettings = {
				ALWAYS_SEARCH_USER_PATHS = NO;
				CLANG_ANALYZER_NONNULL = YES;
				CLANG_ANALYZER_NUMBER_OBJECT_CONVERSION = YES_AGGRESSIVE;
				CLANG_CXX_LANGUAGE_STANDARD = "gnu++17";
				CLANG_ENABLE_MODULES = YES;
				CLANG_ENABLE_OBJC_ARC = YES;
				CLANG_ENABLE_OBJC_WEAK = YES;
				CLANG_WARN_BLOCK_CAPTURE_AUTORELEASING = YES;
				CLANG_WARN_BOOL_CONVERSION = YES;
				CLANG_WARN_COMMA = YES;
				CLANG_WARN_CONSTANT_CONVERSION = YES;
				CLANG_WARN_DEPRECATED_OBJC_IMPLEMENTATIONS = YES;
				CLANG_WARN_DIRECT_OBJC_ISA_USAGE = YES_ERROR;
				CLANG_WARN_DOCUMENTATION_COMMENTS = YES;
				CLANG_WARN_EMPTY_BODY = YES;
				CLANG_WARN_ENUM_CONVERSION = YES;
				CLANG_WARN_INFINITE_RECURSION = YES;
				CLANG_WARN_INT_CONVERSION = YES;
				CLANG_WARN_NON_LITERAL_NULL_CONVERSION = YES;
				CLANG_WARN_OBJC_IMPLICIT_RETAIN_SELF = YES;
				CLANG_WARN_OBJC_LITERAL_CONVERSION = YES;
				CLANG_WARN_OBJC_ROOT_CLASS = YES_ERROR;
				CLANG_WARN_QUOTED_INCLUDE_IN_FRAMEWORK_HEADER = YES;
				CLANG_WARN_RANGE_LOOP_ANALYSIS = YES;
				CLANG_WARN_STRICT_PROTOTYPES = YES;
				CLANG_WARN_SUSPICIOUS_MOVE = YES;
				CLANG_WARN_UNGUARDED_AVAILABILITY = YES_AGGRESSIVE;
				CLANG_WARN_UNREACHABLE_CODE = YES;
				CLANG_WARN__DUPLICATE_METHOD_MATCH = YES;
				COPY_PHASE_STRIP = NO;
				CURRENT_PROJECT_VERSION = 1;
				DEBUG_INFORMATION_FORMAT = "dwarf-with-dsym";
				ENABLE_NS_ASSERTIONS = NO;
				ENABLE_STRICT_OBJC_MSGSEND = YES;
				GCC_C_LANGUAGE_STANDARD = gnu11;
				GCC_NO_COMMON_BLOCKS = YES;
				GCC_WARN_64_TO_32_BIT_CONVERSION = YES;
				GCC_WARN_ABOUT_RETURN_TYPE = YES_ERROR;
				GCC_WARN_UNDECLARED_SELECTOR = YES;
				GCC_WARN_UNINITIALIZED_AUTOS = YES_AGGRESSIVE;
				GCC_WARN_UNUSED_FUNCTION = YES;
				GCC_WARN_UNUSED_VARIABLE = YES;
				IPHONEOS_DEPLOYMENT_TARGET = 14.0;
				MTL_ENABLE_DEBUG_INFO = NO;
				MTL_FAST_MATH = YES;
				SDKROOT = iphoneos;
				SWIFT_COMPILATION_MODE = wholemodule;
				SWIFT_OPTIMIZATION_LEVEL = "-O";
				VALIDATE_PRODUCT = YES;
				VERSIONING_SYSTEM = "apple-generic";
				VERSION_INFO_PREFIX = "";
			};
			name = Release;
		};
		D9540A6C29FAB789001403D7 /* Debug */ = {
			isa = XCBuildConfiguration;
			baseConfigurationReference = F029B81BCD5BC4AB8EF4F113 /* Pods-TodoList-Storage.debug.xcconfig */;
			buildSettings = {
				CODE_SIGN_STYLE = Automatic;
				CURRENT_PROJECT_VERSION = 1;
				DEFINES_MODULE = YES;
				DEVELOPMENT_TEAM = Q9DMZ9TPXQ;
				DYLIB_COMPATIBILITY_VERSION = 1;
				DYLIB_CURRENT_VERSION = 1;
				DYLIB_INSTALL_NAME_BASE = "@rpath";
				GENERATE_INFOPLIST_FILE = YES;
				INFOPLIST_KEY_NSHumanReadableCopyright = "";
				INSTALL_PATH = "$(LOCAL_LIBRARY_DIR)/Frameworks";
				LD_RUNPATH_SEARCH_PATHS = (
					"$(inherited)",
					"@executable_path/Frameworks",
					"@loader_path/Frameworks",
				);
				MARKETING_VERSION = 1.0;
				PRODUCT_BUNDLE_IDENTIFIER = "Dmitry-Bobrov.Storage";
				PRODUCT_NAME = "$(TARGET_NAME:c99extidentifier)";
				SKIP_INSTALL = YES;
				SWIFT_EMIT_LOC_STRINGS = YES;
				SWIFT_VERSION = 5.0;
				TARGETED_DEVICE_FAMILY = "1,2";
			};
			name = Debug;
		};
		D9540A6D29FAB789001403D7 /* Release */ = {
			isa = XCBuildConfiguration;
			baseConfigurationReference = E8ED8F0F978A452E46AA06C0 /* Pods-TodoList-Storage.release.xcconfig */;
			buildSettings = {
				CODE_SIGN_STYLE = Automatic;
				CURRENT_PROJECT_VERSION = 1;
				DEFINES_MODULE = YES;
				DEVELOPMENT_TEAM = Q9DMZ9TPXQ;
				DYLIB_COMPATIBILITY_VERSION = 1;
				DYLIB_CURRENT_VERSION = 1;
				DYLIB_INSTALL_NAME_BASE = "@rpath";
				GENERATE_INFOPLIST_FILE = YES;
				INFOPLIST_KEY_NSHumanReadableCopyright = "";
				INSTALL_PATH = "$(LOCAL_LIBRARY_DIR)/Frameworks";
				LD_RUNPATH_SEARCH_PATHS = (
					"$(inherited)",
					"@executable_path/Frameworks",
					"@loader_path/Frameworks",
				);
				MARKETING_VERSION = 1.0;
				PRODUCT_BUNDLE_IDENTIFIER = "Dmitry-Bobrov.Storage";
				PRODUCT_NAME = "$(TARGET_NAME:c99extidentifier)";
				SKIP_INSTALL = YES;
				SWIFT_EMIT_LOC_STRINGS = YES;
				SWIFT_VERSION = 5.0;
				TARGETED_DEVICE_FAMILY = "1,2";
			};
			name = Release;
		};
		D9540A6F29FAB789001403D7 /* Debug */ = {
			isa = XCBuildConfiguration;
			buildSettings = {
				ALWAYS_EMBED_SWIFT_STANDARD_LIBRARIES = YES;
				CODE_SIGN_STYLE = Automatic;
				CURRENT_PROJECT_VERSION = 1;
				DEVELOPMENT_TEAM = Q9DMZ9TPXQ;
				GENERATE_INFOPLIST_FILE = YES;
				MARKETING_VERSION = 1.0;
				PRODUCT_BUNDLE_IDENTIFIER = "Dmitry-Bobrov.StorageTests";
				PRODUCT_NAME = "$(TARGET_NAME)";
				SWIFT_EMIT_LOC_STRINGS = NO;
				SWIFT_VERSION = 5.0;
				TARGETED_DEVICE_FAMILY = "1,2";
			};
			name = Debug;
		};
		D9540A7029FAB789001403D7 /* Release */ = {
			isa = XCBuildConfiguration;
			buildSettings = {
				ALWAYS_EMBED_SWIFT_STANDARD_LIBRARIES = YES;
				CODE_SIGN_STYLE = Automatic;
				CURRENT_PROJECT_VERSION = 1;
				DEVELOPMENT_TEAM = Q9DMZ9TPXQ;
				GENERATE_INFOPLIST_FILE = YES;
				MARKETING_VERSION = 1.0;
				PRODUCT_BUNDLE_IDENTIFIER = "Dmitry-Bobrov.StorageTests";
				PRODUCT_NAME = "$(TARGET_NAME)";
				SWIFT_EMIT_LOC_STRINGS = NO;
				SWIFT_VERSION = 5.0;
				TARGETED_DEVICE_FAMILY = "1,2";
			};
			name = Release;
		};
/* End XCBuildConfiguration section */

/* Begin XCConfigurationList section */
		D9540A5129FAB789001403D7 /* Build configuration list for PBXProject "Storage" */ = {
			isa = XCConfigurationList;
			buildConfigurations = (
				D9540A6929FAB789001403D7 /* Debug */,
				D9540A6A29FAB789001403D7 /* Release */,
			);
			defaultConfigurationIsVisible = 0;
			defaultConfigurationName = Release;
		};
		D9540A6B29FAB789001403D7 /* Build configuration list for PBXNativeTarget "Storage" */ = {
			isa = XCConfigurationList;
			buildConfigurations = (
				D9540A6C29FAB789001403D7 /* Debug */,
				D9540A6D29FAB789001403D7 /* Release */,
			);
			defaultConfigurationIsVisible = 0;
			defaultConfigurationName = Release;
		};
		D9540A6E29FAB789001403D7 /* Build configuration list for PBXNativeTarget "StorageTests" */ = {
			isa = XCConfigurationList;
			buildConfigurations = (
				D9540A6F29FAB789001403D7 /* Debug */,
				D9540A7029FAB789001403D7 /* Release */,
			);
			defaultConfigurationIsVisible = 0;
			defaultConfigurationName = Release;
		};
/* End XCConfigurationList section */
	};
	rootObject = D9540A4E29FAB789001403D7 /* Project object */;
}
